// !$*UTF8*$!
{
	archiveVersion = 1;
	classes = {
	};
	objectVersion = 46;
	objects = {

/* Begin PBXBuildFile section */
		0033CF3D1C489E5700363164 /* progress bar@2x.png in Resources */ = {isa = PBXBuildFile; fileRef = 0033CF391C489E5700363164 /* progress bar@2x.png */; };
		0033CF3E1C489E5700363164 /* progress bar@3x.png in Resources */ = {isa = PBXBuildFile; fileRef = 0033CF3A1C489E5700363164 /* progress bar@3x.png */; };
		0033CF3F1C489E5700363164 /* remark@2x.png in Resources */ = {isa = PBXBuildFile; fileRef = 0033CF3B1C489E5700363164 /* remark@2x.png */; };
		0033CF401C489E5700363164 /* remark@3x.png in Resources */ = {isa = PBXBuildFile; fileRef = 0033CF3C1C489E5700363164 /* remark@3x.png */; };
		0033CF431C48A2D400363164 /* PopLabel.m in Sources */ = {isa = PBXBuildFile; fileRef = 0033CF421C48A2D400363164 /* PopLabel.m */; };
		0033CF461C48A4EC00363164 /* Graduation@2x.png in Resources */ = {isa = PBXBuildFile; fileRef = 0033CF441C48A4EC00363164 /* Graduation@2x.png */; };
		0033CF471C48A4EC00363164 /* Graduation@3x.png in Resources */ = {isa = PBXBuildFile; fileRef = 0033CF451C48A4EC00363164 /* Graduation@3x.png */; };
		0033CF4A1C48C2F800363164 /* green@2x.png in Resources */ = {isa = PBXBuildFile; fileRef = 0033CF481C48C2F800363164 /* green@2x.png */; };
		0033CF4B1C48C2F800363164 /* green@3x.png in Resources */ = {isa = PBXBuildFile; fileRef = 0033CF491C48C2F800363164 /* green@3x.png */; };
		0051F5661C45EB8C00EB0566 /* NMRangeSlider.m in Sources */ = {isa = PBXBuildFile; fileRef = 0051F5651C45EB8C00EB0566 /* NMRangeSlider.m */; };
		0051F5691C45EC7D00EB0566 /* NWFRangeSliderView.m in Sources */ = {isa = PBXBuildFile; fileRef = 0051F5681C45EC7D00EB0566 /* NWFRangeSliderView.m */; };
		0051F56B1C45EEE900EB0566 /* thumb@2x.png in Resources */ = {isa = PBXBuildFile; fileRef = 0051F56A1C45EEE900EB0566 /* thumb@2x.png */; };
		0051F5741C45EF9800EB0566 /* slider-default7-trackBackground.png in Resources */ = {isa = PBXBuildFile; fileRef = 0051F56C1C45EF9800EB0566 /* slider-default7-trackBackground.png */; };
		0051F5751C45EF9800EB0566 /* slider-default7-trackBackground@2x.png in Resources */ = {isa = PBXBuildFile; fileRef = 0051F56D1C45EF9800EB0566 /* slider-default7-trackBackground@2x.png */; };
		0051F5761C45EF9800EB0566 /* slider-default7-trackCrossedOver.png in Resources */ = {isa = PBXBuildFile; fileRef = 0051F56E1C45EF9800EB0566 /* slider-default7-trackCrossedOver.png */; };
		0051F5771C45EF9800EB0566 /* slider-default7-trackCrossedOver@2x.png in Resources */ = {isa = PBXBuildFile; fileRef = 0051F56F1C45EF9800EB0566 /* slider-default7-trackCrossedOver@2x.png */; };
		0051F5781C45EF9800EB0566 /* slider-default7-track.png in Resources */ = {isa = PBXBuildFile; fileRef = 0051F5701C45EF9800EB0566 /* slider-default7-track.png */; };
		0051F5791C45EF9800EB0566 /* slider-default7-track@2x.png in Resources */ = {isa = PBXBuildFile; fileRef = 0051F5711C45EF9800EB0566 /* slider-default7-track@2x.png */; };
		0051F57A1C45EF9800EB0566 /* slider-default7-handle.png in Resources */ = {isa = PBXBuildFile; fileRef = 0051F5721C45EF9800EB0566 /* slider-default7-handle.png */; };
		0051F57B1C45EF9800EB0566 /* slider-default7-handle@2x.png in Resources */ = {isa = PBXBuildFile; fileRef = 0051F5731C45EF9800EB0566 /* slider-default7-handle@2x.png */; };
		0051F57E1C4734C400EB0566 /* TickNumSlider.m in Sources */ = {isa = PBXBuildFile; fileRef = 0051F57D1C4734C400EB0566 /* TickNumSlider.m */; };
		0051F5851C478FE200EB0566 /* SliderTableViewCell.m in Sources */ = {isa = PBXBuildFile; fileRef = 0051F5831C478FE200EB0566 /* SliderTableViewCell.m */; };
		0051F5861C478FE200EB0566 /* SliderTableViewCell.xib in Resources */ = {isa = PBXBuildFile; fileRef = 0051F5841C478FE200EB0566 /* SliderTableViewCell.xib */; };
		1897D57B1C4541BE00DC81E6 /* main.m in Sources */ = {isa = PBXBuildFile; fileRef = 1897D57A1C4541BE00DC81E6 /* main.m */; };
		1897D57E1C4541BE00DC81E6 /* AppDelegate.m in Sources */ = {isa = PBXBuildFile; fileRef = 1897D57D1C4541BE00DC81E6 /* AppDelegate.m */; };
		1897D5811C4541BE00DC81E6 /* ViewController.m in Sources */ = {isa = PBXBuildFile; fileRef = 1897D5801C4541BE00DC81E6 /* ViewController.m */; };
		1897D5841C4541BE00DC81E6 /* Main.storyboard in Resources */ = {isa = PBXBuildFile; fileRef = 1897D5821C4541BE00DC81E6 /* Main.storyboard */; };
		1897D5861C4541BE00DC81E6 /* Assets.xcassets in Resources */ = {isa = PBXBuildFile; fileRef = 1897D5851C4541BE00DC81E6 /* Assets.xcassets */; };
		1897D5891C4541BE00DC81E6 /* LaunchScreen.storyboard in Resources */ = {isa = PBXBuildFile; fileRef = 1897D5871C4541BE00DC81E6 /* LaunchScreen.storyboard */; };
		1897D5921C45423100DC81E6 /* NWFSliderTickView.m in Sources */ = {isa = PBXBuildFile; fileRef = 1897D5911C45423100DC81E6 /* NWFSliderTickView.m */; };
/* End PBXBuildFile section */

/* Begin PBXFileReference section */
		0033CF391C489E5700363164 /* progress bar@2x.png */ = {isa = PBXFileReference; lastKnownFileType = image.png; path = "progress bar@2x.png"; sourceTree = "<group>"; };
		0033CF3A1C489E5700363164 /* progress bar@3x.png */ = {isa = PBXFileReference; lastKnownFileType = image.png; path = "progress bar@3x.png"; sourceTree = "<group>"; };
		0033CF3B1C489E5700363164 /* remark@2x.png */ = {isa = PBXFileReference; lastKnownFileType = image.png; path = "remark@2x.png"; sourceTree = "<group>"; };
		0033CF3C1C489E5700363164 /* remark@3x.png */ = {isa = PBXFileReference; lastKnownFileType = image.png; path = "remark@3x.png"; sourceTree = "<group>"; };
		0033CF411C48A2D400363164 /* PopLabel.h */ = {isa = PBXFileReference; fileEncoding = 4; lastKnownFileType = sourcecode.c.h; path = PopLabel.h; sourceTree = "<group>"; };
		0033CF421C48A2D400363164 /* PopLabel.m */ = {isa = PBXFileReference; fileEncoding = 4; lastKnownFileType = sourcecode.c.objc; path = PopLabel.m; sourceTree = "<group>"; };
		0033CF441C48A4EC00363164 /* Graduation@2x.png */ = {isa = PBXFileReference; lastKnownFileType = image.png; path = "Graduation@2x.png"; sourceTree = "<group>"; };
		0033CF451C48A4EC00363164 /* Graduation@3x.png */ = {isa = PBXFileReference; lastKnownFileType = image.png; path = "Graduation@3x.png"; sourceTree = "<group>"; };
		0033CF481C48C2F800363164 /* green@2x.png */ = {isa = PBXFileReference; lastKnownFileType = image.png; path = "green@2x.png"; sourceTree = "<group>"; };
		0033CF491C48C2F800363164 /* green@3x.png */ = {isa = PBXFileReference; lastKnownFileType = image.png; path = "green@3x.png"; sourceTree = "<group>"; };
		0051F5641C45EB8C00EB0566 /* NMRangeSlider.h */ = {isa = PBXFileReference; fileEncoding = 4; lastKnownFileType = sourcecode.c.h; path = NMRangeSlider.h; sourceTree = "<group>"; };
		0051F5651C45EB8C00EB0566 /* NMRangeSlider.m */ = {isa = PBXFileReference; fileEncoding = 4; lastKnownFileType = sourcecode.c.objc; path = NMRangeSlider.m; sourceTree = "<group>"; };
		0051F5671C45EC7D00EB0566 /* NWFRangeSliderView.h */ = {isa = PBXFileReference; fileEncoding = 4; lastKnownFileType = sourcecode.c.h; path = NWFRangeSliderView.h; sourceTree = "<group>"; };
		0051F5681C45EC7D00EB0566 /* NWFRangeSliderView.m */ = {isa = PBXFileReference; fileEncoding = 4; lastKnownFileType = sourcecode.c.objc; path = NWFRangeSliderView.m; sourceTree = "<group>"; };
		0051F56A1C45EEE900EB0566 /* thumb@2x.png */ = {isa = PBXFileReference; lastKnownFileType = image.png; path = "thumb@2x.png"; sourceTree = "<group>"; };
		0051F56C1C45EF9800EB0566 /* slider-default7-trackBackground.png */ = {isa = PBXFileReference; lastKnownFileType = image.png; path = "slider-default7-trackBackground.png"; sourceTree = "<group>"; };
		0051F56D1C45EF9800EB0566 /* slider-default7-trackBackground@2x.png */ = {isa = PBXFileReference; lastKnownFileType = image.png; path = "slider-default7-trackBackground@2x.png"; sourceTree = "<group>"; };
		0051F56E1C45EF9800EB0566 /* slider-default7-trackCrossedOver.png */ = {isa = PBXFileReference; lastKnownFileType = image.png; path = "slider-default7-trackCrossedOver.png"; sourceTree = "<group>"; };
		0051F56F1C45EF9800EB0566 /* slider-default7-trackCrossedOver@2x.png */ = {isa = PBXFileReference; lastKnownFileType = image.png; path = "slider-default7-trackCrossedOver@2x.png"; sourceTree = "<group>"; };
		0051F5701C45EF9800EB0566 /* slider-default7-track.png */ = {isa = PBXFileReference; lastKnownFileType = image.png; path = "slider-default7-track.png"; sourceTree = "<group>"; };
		0051F5711C45EF9800EB0566 /* slider-default7-track@2x.png */ = {isa = PBXFileReference; lastKnownFileType = image.png; path = "slider-default7-track@2x.png"; sourceTree = "<group>"; };
		0051F5721C45EF9800EB0566 /* slider-default7-handle.png */ = {isa = PBXFileReference; lastKnownFileType = image.png; path = "slider-default7-handle.png"; sourceTree = "<group>"; };
		0051F5731C45EF9800EB0566 /* slider-default7-handle@2x.png */ = {isa = PBXFileReference; lastKnownFileType = image.png; path = "slider-default7-handle@2x.png"; sourceTree = "<group>"; };
		0051F57C1C4734C400EB0566 /* TickNumSlider.h */ = {isa = PBXFileReference; fileEncoding = 4; lastKnownFileType = sourcecode.c.h; path = TickNumSlider.h; sourceTree = "<group>"; };
		0051F57D1C4734C400EB0566 /* TickNumSlider.m */ = {isa = PBXFileReference; fileEncoding = 4; lastKnownFileType = sourcecode.c.objc; path = TickNumSlider.m; sourceTree = "<group>"; };
		0051F5821C478FE200EB0566 /* SliderTableViewCell.h */ = {isa = PBXFileReference; fileEncoding = 4; lastKnownFileType = sourcecode.c.h; path = SliderTableViewCell.h; sourceTree = "<group>"; };
		0051F5831C478FE200EB0566 /* SliderTableViewCell.m */ = {isa = PBXFileReference; fileEncoding = 4; lastKnownFileType = sourcecode.c.objc; path = SliderTableViewCell.m; sourceTree = "<group>"; };
		0051F5841C478FE200EB0566 /* SliderTableViewCell.xib */ = {isa = PBXFileReference; fileEncoding = 4; lastKnownFileType = file.xib; path = SliderTableViewCell.xib; sourceTree = "<group>"; };
		1897D5761C4541BE00DC81E6 /* SomeTest.app */ = {isa = PBXFileReference; explicitFileType = wrapper.application; includeInIndex = 0; path = SomeTest.app; sourceTree = BUILT_PRODUCTS_DIR; };
		1897D57A1C4541BE00DC81E6 /* main.m */ = {isa = PBXFileReference; lastKnownFileType = sourcecode.c.objc; path = main.m; sourceTree = "<group>"; };
		1897D57C1C4541BE00DC81E6 /* AppDelegate.h */ = {isa = PBXFileReference; lastKnownFileType = sourcecode.c.h; path = AppDelegate.h; sourceTree = "<group>"; };
		1897D57D1C4541BE00DC81E6 /* AppDelegate.m */ = {isa = PBXFileReference; lastKnownFileType = sourcecode.c.objc; path = AppDelegate.m; sourceTree = "<group>"; };
		1897D57F1C4541BE00DC81E6 /* ViewController.h */ = {isa = PBXFileReference; lastKnownFileType = sourcecode.c.h; path = ViewController.h; sourceTree = "<group>"; };
		1897D5801C4541BE00DC81E6 /* ViewController.m */ = {isa = PBXFileReference; lastKnownFileType = sourcecode.c.objc; path = ViewController.m; sourceTree = "<group>"; };
		1897D5831C4541BE00DC81E6 /* Base */ = {isa = PBXFileReference; lastKnownFileType = file.storyboard; name = Base; path = Base.lproj/Main.storyboard; sourceTree = "<group>"; };
		1897D5851C4541BE00DC81E6 /* Assets.xcassets */ = {isa = PBXFileReference; lastKnownFileType = folder.assetcatalog; path = Assets.xcassets; sourceTree = "<group>"; };
		1897D5881C4541BE00DC81E6 /* Base */ = {isa = PBXFileReference; lastKnownFileType = file.storyboard; name = Base; path = Base.lproj/LaunchScreen.storyboard; sourceTree = "<group>"; };
		1897D58A1C4541BE00DC81E6 /* Info.plist */ = {isa = PBXFileReference; lastKnownFileType = text.plist.xml; path = Info.plist; sourceTree = "<group>"; };
		1897D5901C45423100DC81E6 /* NWFSliderTickView.h */ = {isa = PBXFileReference; fileEncoding = 4; lastKnownFileType = sourcecode.c.h; path = NWFSliderTickView.h; sourceTree = "<group>"; };
		1897D5911C45423100DC81E6 /* NWFSliderTickView.m */ = {isa = PBXFileReference; fileEncoding = 4; lastKnownFileType = sourcecode.c.objc; path = NWFSliderTickView.m; sourceTree = "<group>"; };
/* End PBXFileReference section */

/* Begin PBXFrameworksBuildPhase section */
		1897D5731C4541BE00DC81E6 /* Frameworks */ = {
			isa = PBXFrameworksBuildPhase;
			buildActionMask = 2147483647;
			files = (
			);
			runOnlyForDeploymentPostprocessing = 0;
		};
/* End PBXFrameworksBuildPhase section */

/* Begin PBXGroup section */
		1897D56D1C4541BE00DC81E6 = {
			isa = PBXGroup;
			children = (
				1897D5781C4541BE00DC81E6 /* SomeTest */,
				1897D5771C4541BE00DC81E6 /* Products */,
			);
			sourceTree = "<group>";
		};
		1897D5771C4541BE00DC81E6 /* Products */ = {
			isa = PBXGroup;
			children = (
				1897D5761C4541BE00DC81E6 /* SomeTest.app */,
			);
			name = Products;
			sourceTree = "<group>";
		};
		1897D5781C4541BE00DC81E6 /* SomeTest */ = {
			isa = PBXGroup;
			children = (
				1897D57C1C4541BE00DC81E6 /* AppDelegate.h */,
				1897D57D1C4541BE00DC81E6 /* AppDelegate.m */,
				1897D5901C45423100DC81E6 /* NWFSliderTickView.h */,
				1897D5911C45423100DC81E6 /* NWFSliderTickView.m */,
				0033CF411C48A2D400363164 /* PopLabel.h */,
				0033CF421C48A2D400363164 /* PopLabel.m */,
				0051F57C1C4734C400EB0566 /* TickNumSlider.h */,
				0051F57D1C4734C400EB0566 /* TickNumSlider.m */,
				0051F5641C45EB8C00EB0566 /* NMRangeSlider.h */,
				0051F5651C45EB8C00EB0566 /* NMRangeSlider.m */,
				0051F5671C45EC7D00EB0566 /* NWFRangeSliderView.h */,
				0051F5681C45EC7D00EB0566 /* NWFRangeSliderView.m */,
				1897D57F1C4541BE00DC81E6 /* ViewController.h */,
				1897D5801C4541BE00DC81E6 /* ViewController.m */,
				0051F5821C478FE200EB0566 /* SliderTableViewCell.h */,
				0051F5831C478FE200EB0566 /* SliderTableViewCell.m */,
				0051F5841C478FE200EB0566 /* SliderTableViewCell.xib */,
				1897D5821C4541BE00DC81E6 /* Main.storyboard */,
				1897D5851C4541BE00DC81E6 /* Assets.xcassets */,
				1897D5871C4541BE00DC81E6 /* LaunchScreen.storyboard */,
				1897D58A1C4541BE00DC81E6 /* Info.plist */,
				0033CF441C48A4EC00363164 /* Graduation@2x.png */,
				0033CF451C48A4EC00363164 /* Graduation@3x.png */,
				0033CF481C48C2F800363164 /* green@2x.png */,
				0033CF491C48C2F800363164 /* green@3x.png */,
				0033CF391C489E5700363164 /* progress bar@2x.png */,
				0033CF3A1C489E5700363164 /* progress bar@3x.png */,
				0033CF3B1C489E5700363164 /* remark@2x.png */,
				0033CF3C1C489E5700363164 /* remark@3x.png */,
				0051F56A1C45EEE900EB0566 /* thumb@2x.png */,
				0051F56C1C45EF9800EB0566 /* slider-default7-trackBackground.png */,
				0051F56D1C45EF9800EB0566 /* slider-default7-trackBackground@2x.png */,
				0051F56E1C45EF9800EB0566 /* slider-default7-trackCrossedOver.png */,
				0051F56F1C45EF9800EB0566 /* slider-default7-trackCrossedOver@2x.png */,
				0051F5701C45EF9800EB0566 /* slider-default7-track.png */,
				0051F5711C45EF9800EB0566 /* slider-default7-track@2x.png */,
				0051F5721C45EF9800EB0566 /* slider-default7-handle.png */,
				0051F5731C45EF9800EB0566 /* slider-default7-handle@2x.png */,
				1897D5791C4541BE00DC81E6 /* Supporting Files */,
			);
			path = SomeTest;
			sourceTree = "<group>";
		};
		1897D5791C4541BE00DC81E6 /* Supporting Files */ = {
			isa = PBXGroup;
			children = (
				1897D57A1C4541BE00DC81E6 /* main.m */,
			);
			name = "Supporting Files";
			sourceTree = "<group>";
		};
/* End PBXGroup section */

/* Begin PBXNativeTarget section */
		1897D5751C4541BE00DC81E6 /* SomeTest */ = {
			isa = PBXNativeTarget;
			buildConfigurationList = 1897D58D1C4541BE00DC81E6 /* Build configuration list for PBXNativeTarget "SomeTest" */;
			buildPhases = (
				1897D5721C4541BE00DC81E6 /* Sources */,
				1897D5731C4541BE00DC81E6 /* Frameworks */,
				1897D5741C4541BE00DC81E6 /* Resources */,
			);
			buildRules = (
			);
			dependencies = (
			);
			name = SomeTest;
			productName = SomeTest;
			productReference = 1897D5761C4541BE00DC81E6 /* SomeTest.app */;
			productType = "com.apple.product-type.application";
		};
/* End PBXNativeTarget section */

/* Begin PBXProject section */
		1897D56E1C4541BE00DC81E6 /* Project object */ = {
			isa = PBXProject;
			attributes = {
				LastUpgradeCheck = 0710;
				ORGANIZATIONNAME = Eric;
				TargetAttributes = {
					1897D5751C4541BE00DC81E6 = {
						CreatedOnToolsVersion = 7.1.1;
					};
				};
			};
			buildConfigurationList = 1897D5711C4541BE00DC81E6 /* Build configuration list for PBXProject "SomeTest" */;
			compatibilityVersion = "Xcode 3.2";
			developmentRegion = English;
			hasScannedForEncodings = 0;
			knownRegions = (
				en,
				Base,
			);
			mainGroup = 1897D56D1C4541BE00DC81E6;
			productRefGroup = 1897D5771C4541BE00DC81E6 /* Products */;
			projectDirPath = "";
			projectRoot = "";
			targets = (
				1897D5751C4541BE00DC81E6 /* SomeTest */,
			);
		};
/* End PBXProject section */

/* Begin PBXResourcesBuildPhase section */
		1897D5741C4541BE00DC81E6 /* Resources */ = {
			isa = PBXResourcesBuildPhase;
			buildActionMask = 2147483647;
			files = (
				1897D5891C4541BE00DC81E6 /* LaunchScreen.storyboard in Resources */,
				0051F5781C45EF9800EB0566 /* slider-default7-track.png in Resources */,
				0051F5771C45EF9800EB0566 /* slider-default7-trackCrossedOver@2x.png in Resources */,
				0033CF4B1C48C2F800363164 /* green@3x.png in Resources */,
				0051F5751C45EF9800EB0566 /* slider-default7-trackBackground@2x.png in Resources */,
				0051F56B1C45EEE900EB0566 /* thumb@2x.png in Resources */,
				0051F5761C45EF9800EB0566 /* slider-default7-trackCrossedOver.png in Resources */,
				0033CF4A1C48C2F800363164 /* green@2x.png in Resources */,
				0051F57A1C45EF9800EB0566 /* slider-default7-handle.png in Resources */,
				0051F57B1C45EF9800EB0566 /* slider-default7-handle@2x.png in Resources */,
				0051F5861C478FE200EB0566 /* SliderTableViewCell.xib in Resources */,
				1897D5861C4541BE00DC81E6 /* Assets.xcassets in Resources */,
				0051F5791C45EF9800EB0566 /* slider-default7-track@2x.png in Resources */,
				0033CF471C48A4EC00363164 /* Graduation@3x.png in Resources */,
				0051F5741C45EF9800EB0566 /* slider-default7-trackBackground.png in Resources */,
				0033CF3F1C489E5700363164 /* remark@2x.png in Resources */,
				0033CF401C489E5700363164 /* remark@3x.png in Resources */,
				0033CF461C48A4EC00363164 /* Graduation@2x.png in Resources */,
				0033CF3D1C489E5700363164 /* progress bar@2x.png in Resources */,
				0033CF3E1C489E5700363164 /* progress bar@3x.png in Resources */,
				1897D5841C4541BE00DC81E6 /* Main.storyboard in Resources */,
			);
			runOnlyForDeploymentPostprocessing = 0;
		};
/* End PBXResourcesBuildPhase section */

/* Begin PBXSourcesBuildPhase section */
		1897D5721C4541BE00DC81E6 /* Sources */ = {
			isa = PBXSourcesBuildPhase;
			buildActionMask = 2147483647;
			files = (
				1897D5811C4541BE00DC81E6 /* ViewController.m in Sources */,
				1897D57E1C4541BE00DC81E6 /* AppDelegate.m in Sources */,
				0051F57E1C4734C400EB0566 /* TickNumSlider.m in Sources */,
				1897D5921C45423100DC81E6 /* NWFSliderTickView.m in Sources */,
				0033CF431C48A2D400363164 /* PopLabel.m in Sources */,
				0051F5661C45EB8C00EB0566 /* NMRangeSlider.m in Sources */,
				1897D57B1C4541BE00DC81E6 /* main.m in Sources */,
				0051F5851C478FE200EB0566 /* SliderTableViewCell.m in Sources */,
				0051F5691C45EC7D00EB0566 /* NWFRangeSliderView.m in Sources */,
			);
			runOnlyForDeploymentPostprocessing = 0;
		};
/* End PBXSourcesBuildPhase section */

/* Begin PBXVariantGroup section */
		1897D5821C4541BE00DC81E6 /* Main.storyboard */ = {
			isa = PBXVariantGroup;
			children = (
				1897D5831C4541BE00DC81E6 /* Base */,
			);
			name = Main.storyboard;
			sourceTree = "<group>";
		};
		1897D5871C4541BE00DC81E6 /* LaunchScreen.storyboard */ = {
			isa = PBXVariantGroup;
			children = (
				1897D5881C4541BE00DC81E6 /* Base */,
			);
			name = LaunchScreen.storyboard;
			sourceTree = "<group>";
		};
/* End PBXVariantGroup section */

/* Begin XCBuildConfiguration section */
		1897D58B1C4541BE00DC81E6 /* Debug */ = {
			isa = XCBuildConfiguration;
			buildSettings = {
				ALWAYS_SEARCH_USER_PATHS = NO;
				CLANG_CXX_LANGUAGE_STANDARD = "gnu++0x";
				CLANG_CXX_LIBRARY = "libc++";
				CLANG_ENABLE_MODULES = YES;
				CLANG_ENABLE_OBJC_ARC = YES;
				CLANG_WARN_BOOL_CONVERSION = YES;
				CLANG_WARN_CONSTANT_CONVERSION = YES;
				CLANG_WARN_DIRECT_OBJC_ISA_USAGE = YES_ERROR;
				CLANG_WARN_EMPTY_BODY = YES;
				CLANG_WARN_ENUM_CONVERSION = YES;
				CLANG_WARN_INT_CONVERSION = YES;
				CLANG_WARN_OBJC_ROOT_CLASS = YES_ERROR;
				CLANG_WARN_UNREACHABLE_CODE = YES;
				CLANG_WARN__DUPLICATE_METHOD_MATCH = YES;
				"CODE_SIGN_IDENTITY[sdk=iphoneos*]" = "iPhone Developer";
				COPY_PHASE_STRIP = NO;
				DEBUG_INFORMATION_FORMAT = dwarf;
				ENABLE_STRICT_OBJC_MSGSEND = YES;
				ENABLE_TESTABILITY = YES;
				GCC_C_LANGUAGE_STANDARD = gnu99;
				GCC_DYNAMIC_NO_PIC = NO;
				GCC_NO_COMMON_BLOCKS = YES;
				GCC_OPTIMIZATION_LEVEL = 0;
				GCC_PREPROCESSOR_DEFINITIONS = (
					"DEBUG=1",
					"$(inherited)",
				);
				GCC_WARN_64_TO_32_BIT_CONVERSION = YES;
				GCC_WARN_ABOUT_RETURN_TYPE = YES_ERROR;
				GCC_WARN_UNDECLARED_SELECTOR = YES;
				GCC_WARN_UNINITIALIZED_AUTOS = YES_AGGRESSIVE;
				GCC_WARN_UNUSED_FUNCTION = YES;
				GCC_WARN_UNUSED_VARIABLE = YES;
				IPHONEOS_DEPLOYMENT_TARGET = 9.1;
				MTL_ENABLE_DEBUG_INFO = YES;
				ONLY_ACTIVE_ARCH = YES;
				SDKROOT = iphoneos;
			};
			name = Debug;
		};
		1897D58C1C4541BE00DC81E6 /* Release */ = {
			isa = XCBuildConfiguration;
			buildSettings = {
				ALWAYS_SEARCH_USER_PATHS = NO;
				CLANG_CXX_LANGUAGE_STANDARD = "gnu++0x";
				CLANG_CXX_LIBRARY = "libc++";
				CLANG_ENABLE_MODULES = YES;
				CLANG_ENABLE_OBJC_ARC = YES;
				CLANG_WARN_BOOL_CONVERSION = YES;
				CLANG_WARN_CONSTANT_CONVERSION = YES;
				CLANG_WARN_DIRECT_OBJC_ISA_USAGE = YES_ERROR;
				CLANG_WARN_EMPTY_BODY = YES;
				CLANG_WARN_ENUM_CONVERSION = YES;
				CLANG_WARN_INT_CONVERSION = YES;
				CLANG_WARN_OBJC_ROOT_CLASS = YES_ERROR;
				CLANG_WARN_UNREACHABLE_CODE = YES;
				CLANG_WARN__DUPLICATE_METHOD_MATCH = YES;
				"CODE_SIGN_IDENTITY[sdk=iphoneos*]" = "iPhone Developer";
				COPY_PHASE_STRIP = NO;
				DEBUG_INFORMATION_FORMAT = "dwarf-with-dsym";
				ENABLE_NS_ASSERTIONS = NO;
				ENABLE_STRICT_OBJC_MSGSEND = YES;
				GCC_C_LANGUAGE_STANDARD = gnu99;
				GCC_NO_COMMON_BLOCKS = YES;
				GCC_WARN_64_TO_32_BIT_CONVERSION = YES;
				GCC_WARN_ABOUT_RETURN_TYPE = YES_ERROR;
				GCC_WARN_UNDECLARED_SELECTOR = YES;
				GCC_WARN_UNINITIALIZED_AUTOS = YES_AGGRESSIVE;
				GCC_WARN_UNUSED_FUNCTION = YES;
				GCC_WARN_UNUSED_VARIABLE = YES;
				IPHONEOS_DEPLOYMENT_TARGET = 9.1;
				MTL_ENABLE_DEBUG_INFO = NO;
				SDKROOT = iphoneos;
				VALIDATE_PRODUCT = YES;
			};
			name = Release;
		};
		1897D58E1C4541BE00DC81E6 /* Debug */ = {
			isa = XCBuildConfiguration;
			buildSettings = {
				ASSETCATALOG_COMPILER_APPICON_NAME = AppIcon;
				INFOPLIST_FILE = SomeTest/Info.plist;
				LD_RUNPATH_SEARCH_PATHS = "$(inherited) @executable_path/Frameworks";
				PRODUCT_BUNDLE_IDENTIFIER = ZOOMZOOM.SomeTest;
				PRODUCT_NAME = "$(TARGET_NAME)";
			};
			name = Debug;
		};
		1897D58F1C4541BE00DC81E6 /* Release */ = {
			isa = XCBuildConfiguration;
			buildSettings = {
				ASSETCATALOG_COMPILER_APPICON_NAME = AppIcon;
				INFOPLIST_FILE = SomeTest/Info.plist;
				LD_RUNPATH_SEARCH_PATHS = "$(inherited) @executable_path/Frameworks";
				PRODUCT_BUNDLE_IDENTIFIER = ZOOMZOOM.SomeTest;
				PRODUCT_NAME = "$(TARGET_NAME)";
			};
			name = Release;
		};
/* End XCBuildConfiguration section */

/* Begin XCConfigurationList section */
		1897D5711C4541BE00DC81E6 /* Build configuration list for PBXProject "SomeTest" */ = {
			isa = XCConfigurationList;
			buildConfigurations = (
				1897D58B1C4541BE00DC81E6 /* Debug */,
				1897D58C1C4541BE00DC81E6 /* Release */,
			);
			defaultConfigurationIsVisible = 0;
			defaultConfigurationName = Release;
		};
		1897D58D1C4541BE00DC81E6 /* Build configuration list for PBXNativeTarget "SomeTest" */ = {
			isa = XCConfigurationList;
			buildConfigurations = (
				1897D58E1C4541BE00DC81E6 /* Debug */,
				1897D58F1C4541BE00DC81E6 /* Release */,
			);
			defaultConfigurationIsVisible = 0;
			defaultConfigurationName = Release;
		};
/* End XCConfigurationList section */
	};
	rootObject = 1897D56E1C4541BE00DC81E6 /* Project object */;
}
